
Microsoft Visual Studio Solution File, Format Version 12.00
# Visual Studio Version 17
VisualStudioVersion = 17.7.34031.279
MinimumVisualStudioVersion = 10.0.40219.1
Project("{FAE04EC0-301F-11D3-BF4B-00C04F79EFBC}") = "Estudo 2° modulo", "Estudo 2° modulo\Estudo 2° modulo.csproj", "{EC864D17-6B88-419D-90E9-DF8CBB0906C3}"
EndProject
Global
	GlobalSection(SolutionConfigurationPlatforms) = preSolution
		Debug|Any CPU = Debug|Any CPU
		Release|Any CPU = Release|Any CPU
	EndGlobalSection
	GlobalSection(ProjectConfigurationPlatforms) = postSolution
		{EC864D17-6B88-419D-90E9-DF8CBB0906C3}.Debug|Any CPU.ActiveCfg = Debug|Any CPU
		{EC864D17-6B88-419D-90E9-DF8CBB0906C3}.Debug|Any CPU.Build.0 = Debug|Any CPU
		{EC864D17-6B88-419D-90E9-DF8CBB0906C3}.Release|Any CPU.ActiveCfg = Release|Any CPU
		{EC864D17-6B88-419D-90E9-DF8CBB0906C3}.Release|Any CPU.Build.0 = Release|Any CPU
	EndGlobalSection
	GlobalSection(SolutionProperties) = preSolution
		HideSolutionNode = FALSE
	EndGlobalSection
	GlobalSection(ExtensibilityGlobals) = postSolution
		SolutionGuid = {80066756-2BFC-45A6-B180-1C3F0E7E7898}
	EndGlobalSection
EndGlobal
